
Microsoft Visual Studio Solution File, Format Version 12.00
# Visual Studio 15
VisualStudioVersion = 15.0.27703.2047
MinimumVisualStudioVersion = 10.0.40219.1
Project("{A0786B88-2ADB-4C21-ABE8-AA2D79766269}") = "TEST", "..\..\..\..\..\Users\rbaker\source\repos\TEST\TEST\TEST.phpproj", "{891B5024-407C-4FD1-AEB2-5357DDCD4936}"
EndProject
Global
	GlobalSection(SolutionConfigurationPlatforms) = preSolution
		Debug|Any CPU = Debug|Any CPU
		Release|Any CPU = Release|Any CPU
	EndGlobalSection
	GlobalSection(ProjectConfigurationPlatforms) = postSolution
		{891B5024-407C-4FD1-AEB2-5357DDCD4936}.Debug|Any CPU.ActiveCfg = Debug|Any CPU
		{891B5024-407C-4FD1-AEB2-5357DDCD4936}.Release|Any CPU.ActiveCfg = Release|Any CPU
	EndGlobalSection
	GlobalSection(SolutionProperties) = preSolution
		HideSolutionNode = FALSE
	EndGlobalSection
	GlobalSection(ExtensibilityGlobals) = postSolution
		SolutionGuid = {44522465-0D49-499B-BE73-61169A4E034C}
	EndGlobalSection
EndGlobal
